# This file is automatically @generated by Cargo.
# It is not intended for manual editing.
version = 4

[[package]]
name = "tl-inventory"
version = "0.1.0"

[[package]]
name = "tl-policy"
version = "0.1.0"
dependencies = [
 "tl-inventory",
]

[[package]]
name = "tl-serve"
version = "0.1.0"
dependencies = [
 "tl-inventory",
 "tl-policy",
]
